
Microsoft Visual Studio Solution File, Format Version 12.00
# Visual Studio Version 16
VisualStudioVersion = 16.0.30907.101
MinimumVisualStudioVersion = 10.0.40219.1
Project("{FAE04EC0-301F-11D3-BF4B-00C04F79EFBC}") = "LinqProject2", "LinqProject2\LinqProject2.csproj", "{43CF8694-E9B8-45C5-86F2-EC8B94783AEB}"
EndProject
Global
	GlobalSection(SolutionConfigurationPlatforms) = preSolution
		Debug|Any CPU = Debug|Any CPU
		Release|Any CPU = Release|Any CPU
	EndGlobalSection
	GlobalSection(ProjectConfigurationPlatforms) = postSolution
		{43CF8694-E9B8-45C5-86F2-EC8B94783AEB}.Debug|Any CPU.ActiveCfg = Debug|Any CPU
		{43CF8694-E9B8-45C5-86F2-EC8B94783AEB}.Debug|Any CPU.Build.0 = Debug|Any CPU
		{43CF8694-E9B8-45C5-86F2-EC8B94783AEB}.Release|Any CPU.ActiveCfg = Release|Any CPU
		{43CF8694-E9B8-45C5-86F2-EC8B94783AEB}.Release|Any CPU.Build.0 = Release|Any CPU
	EndGlobalSection
	GlobalSection(SolutionProperties) = preSolution
		HideSolutionNode = FALSE
	EndGlobalSection
	GlobalSection(ExtensibilityGlobals) = postSolution
		SolutionGuid = {1DF6EB62-7FE3-4B11-895C-F998C7548190}
	EndGlobalSection
EndGlobal
